
Microsoft Visual Studio Solution File, Format Version 12.00
# Visual Studio Version 16
VisualStudioVersion = 16.0.30114.105
MinimumVisualStudioVersion = 10.0.40219.1
Project("{FAE04EC0-301F-11D3-BF4B-00C04F79EFBC}") = "katsujim-SignalR-functionApp", "katsujim-SignalR-functionApp.csproj", "{91DC158B-3CE6-4B71-A27B-11A747A1906E}"
EndProject
Global
	GlobalSection(SolutionConfigurationPlatforms) = preSolution
		Debug|Any CPU = Debug|Any CPU
		Release|Any CPU = Release|Any CPU
	EndGlobalSection
	GlobalSection(ProjectConfigurationPlatforms) = postSolution
		{91DC158B-3CE6-4B71-A27B-11A747A1906E}.Debug|Any CPU.ActiveCfg = Debug|Any CPU
		{91DC158B-3CE6-4B71-A27B-11A747A1906E}.Debug|Any CPU.Build.0 = Debug|Any CPU
		{91DC158B-3CE6-4B71-A27B-11A747A1906E}.Release|Any CPU.ActiveCfg = Release|Any CPU
		{91DC158B-3CE6-4B71-A27B-11A747A1906E}.Release|Any CPU.Build.0 = Release|Any CPU
	EndGlobalSection
	GlobalSection(SolutionProperties) = preSolution
		HideSolutionNode = FALSE
	EndGlobalSection
	GlobalSection(ExtensibilityGlobals) = postSolution
		SolutionGuid = {6BA306D3-DB58-46C5-A5CF-144C1FE51594}
	EndGlobalSection
EndGlobal
